
Microsoft Visual Studio Solution File, Format Version 12.00
# Visual Studio Version 16
VisualStudioVersion = 16.0.30523.141
MinimumVisualStudioVersion = 10.0.40219.1
Project("{888888A0-9F3D-457C-B088-3A5042F75D52}") = "Numpy_gradient", "Numpy_gradient.pyproj", "{CD79279C-6EAD-47D0-B025-A481971E167F}"
EndProject
Global
	GlobalSection(SolutionConfigurationPlatforms) = preSolution
		Debug|Any CPU = Debug|Any CPU
		Release|Any CPU = Release|Any CPU
	EndGlobalSection
	GlobalSection(ProjectConfigurationPlatforms) = postSolution
		{CD79279C-6EAD-47D0-B025-A481971E167F}.Debug|Any CPU.ActiveCfg = Debug|Any CPU
		{CD79279C-6EAD-47D0-B025-A481971E167F}.Release|Any CPU.ActiveCfg = Release|Any CPU
	EndGlobalSection
	GlobalSection(SolutionProperties) = preSolution
		HideSolutionNode = FALSE
	EndGlobalSection
	GlobalSection(ExtensibilityGlobals) = postSolution
		SolutionGuid = {5DC47962-ECAF-4522-8C9F-5248A2983337}
	EndGlobalSection
EndGlobal
